
Microsoft Visual Studio Solution File, Format Version 12.00
# Visual Studio Version 17
VisualStudioVersion = 17.5.33414.496
MinimumVisualStudioVersion = 10.0.40219.1
Project("{FAE04EC0-301F-11D3-BF4B-00C04F79EFBC}") = "SistemaInventario", "SistemaInventario\SistemaInventario.csproj", "{EAB175EA-C355-4715-BCB4-7C55D8F2D20E}"
EndProject
Global
	GlobalSection(SolutionConfigurationPlatforms) = preSolution
		Debug|Any CPU = Debug|Any CPU
		Release|Any CPU = Release|Any CPU
	EndGlobalSection
	GlobalSection(ProjectConfigurationPlatforms) = postSolution
		{EAB175EA-C355-4715-BCB4-7C55D8F2D20E}.Debug|Any CPU.ActiveCfg = Debug|Any CPU
		{EAB175EA-C355-4715-BCB4-7C55D8F2D20E}.Debug|Any CPU.Build.0 = Debug|Any CPU
		{EAB175EA-C355-4715-BCB4-7C55D8F2D20E}.Release|Any CPU.ActiveCfg = Release|Any CPU
		{EAB175EA-C355-4715-BCB4-7C55D8F2D20E}.Release|Any CPU.Build.0 = Release|Any CPU
	EndGlobalSection
	GlobalSection(SolutionProperties) = preSolution
		HideSolutionNode = FALSE
	EndGlobalSection
	GlobalSection(ExtensibilityGlobals) = postSolution
		SolutionGuid = {06A7D654-0389-4482-996C-074E43C907B0}
	EndGlobalSection
EndGlobal
